Microsoft Visual Studio Solution File, Format Version 12.00
# Visual Studio 15
VisualStudioVersion = 15.0.27004.2002
MinimumVisualStudioVersion = 15.0.26124.0
Project("{9A19103F-16F7-4668-BE54-9A1E7A4F7556}") = "BIMManager.API", "BIMManager.API\BIMManager.API.csproj", "{E5A01752-4131-4C0C-8989-49940439178D}"
EndProject
Project("{9A19103F-16F7-4668-BE54-9A1E7A4F7556}") = "BIMManager.Data", "BIMManager.Data\BIMManager.Data.csproj", "{8C452B8C-83B3-42E1-8A75-487F499CF97D}"
EndProject
Project("{9A19103F-16F7-4668-BE54-9A1E7A4F7556}") = "BIMManager.Models", "BIMManager.Models\BIMManager.Models.csproj", "{1DE5D7D9-F588-4C3F-AA45-7EBAF26BC242}"
EndProject
Global
	GlobalSection(SolutionConfigurationPlatforms) = preSolution
		Debug|Any CPU = Debug|Any CPU
		Debug|x64 = Debug|x64
		Debug|x86 = Debug|x86
		Release|Any CPU = Release|Any CPU
		Release|x64 = Release|x64
		Release|x86 = Release|x86
	EndGlobalSection
	GlobalSection(ProjectConfigurationPlatforms) = postSolution
		{E5A01752-4131-4C0C-8989-49940439178D}.Debug|Any CPU.ActiveCfg = Debug|Any CPU
		{E5A01752-4131-4C0C-8989-49940439178D}.Debug|Any CPU.Build.0 = Debug|Any CPU
		{E5A01752-4131-4C0C-8989-49940439178D}.Debug|x64.ActiveCfg = Debug|Any CPU
		{E5A01752-4131-4C0C-8989-49940439178D}.Debug|x64.Build.0 = Debug|Any CPU
		{E5A01752-4131-4C0C-8989-49940439178D}.Debug|x86.ActiveCfg = Debug|Any CPU
		{E5A01752-4131-4C0C-8989-49940439178D}.Debug|x86.Build.0 = Debug|Any CPU
		{E5A01752-4131-4C0C-8989-49940439178D}.Release|Any CPU.ActiveCfg = Release|Any CPU
		{E5A01752-4131-4C0C-8989-49940439178D}.Release|Any CPU.Build.0 = Release|Any CPU
		{E5A01752-4131-4C0C-8989-49940439178D}.Release|x64.ActiveCfg = Release|Any CPU
		{E5A01752-4131-4C0C-8989-49940439178D}.Release|x64.Build.0 = Release|Any CPU
		{E5A01752-4131-4C0C-8989-49940439178D}.Release|x86.ActiveCfg = Release|Any CPU
		{E5A01752-4131-4C0C-8989-49940439178D}.Release|x86.Build.0 = Release|Any CPU
		{8C452B8C-83B3-42E1-8A75-487F499CF97D}.Debug|Any CPU.ActiveCfg = Debug|Any CPU
		{8C452B8C-83B3-42E1-8A75-487F499CF97D}.Debug|Any CPU.Build.0 = Debug|Any CPU
		{8C452B8C-83B3-42E1-8A75-487F499CF97D}.Debug|x64.ActiveCfg = Debug|Any CPU
		{8C452B8C-83B3-42E1-8A75-487F499CF97D}.Debug|x64.Build.0 = Debug|Any CPU
		{8C452B8C-83B3-42E1-8A75-487F499CF97D}.Debug|x86.ActiveCfg = Debug|Any CPU
		{8C452B8C-83B3-42E1-8A75-487F499CF97D}.Debug|x86.Build.0 = Debug|Any CPU
		{8C452B8C-83B3-42E1-8A75-487F499CF97D}.Release|Any CPU.ActiveCfg = Release|Any CPU
		{8C452B8C-83B3-42E1-8A75-487F499CF97D}.Release|Any CPU.Build.0 = Release|Any CPU
		{8C452B8C-83B3-42E1-8A75-487F499CF97D}.Release|x64.ActiveCfg = Release|Any CPU
		{8C452B8C-83B3-42E1-8A75-487F499CF97D}.Release|x64.Build.0 = Release|Any CPU
		{8C452B8C-83B3-42E1-8A75-487F499CF97D}.Release|x86.ActiveCfg = Release|Any CPU
		{8C452B8C-83B3-42E1-8A75-487F499CF97D}.Release|x86.Build.0 = Release|Any CPU
		{1DE5D7D9-F588-4C3F-AA45-7EBAF26BC242}.Debug|Any CPU.ActiveCfg = Debug|Any CPU
		{1DE5D7D9-F588-4C3F-AA45-7EBAF26BC242}.Debug|Any CPU.Build.0 = Debug|Any CPU
		{1DE5D7D9-F588-4C3F-AA45-7EBAF26BC242}.Debug|x64.ActiveCfg = Debug|Any CPU
		{1DE5D7D9-F588-4C3F-AA45-7EBAF26BC242}.Debug|x64.Build.0 = Debug|Any CPU
		{1DE5D7D9-F588-4C3F-AA45-7EBAF26BC242}.Debug|x86.ActiveCfg = Debug|Any CPU
		{1DE5D7D9-F588-4C3F-AA45-7EBAF26BC242}.Debug|x86.Build.0 = Debug|Any CPU
		{1DE5D7D9-F588-4C3F-AA45-7EBAF26BC242}.Release|Any CPU.ActiveCfg = Release|Any CPU
		{1DE5D7D9-F588-4C3F-AA45-7EBAF26BC242}.Release|Any CPU.Build.0 = Release|Any CPU
		{1DE5D7D9-F588-4C3F-AA45-7EBAF26BC242}.Release|x64.ActiveCfg = Release|Any CPU
		{1DE5D7D9-F588-4C3F-AA45-7EBAF26BC242}.Release|x64.Build.0 = Release|Any CPU
		{1DE5D7D9-F588-4C3F-AA45-7EBAF26BC242}.Release|x86.ActiveCfg = Release|Any CPU
		{1DE5D7D9-F588-4C3F-AA45-7EBAF26BC242}.Release|x86.Build.0 = Release|Any CPU
	EndGlobalSection
	GlobalSection(SolutionProperties) = preSolution
		HideSolutionNode = FALSE
	EndGlobalSection
	GlobalSection(ExtensibilityGlobals) = postSolution
		SolutionGuid = {215AD6D1-B101-4795-BBA4-C6CDCA78C771}
	EndGlobalSection
EndGlobal
